// !$*UTF8*$!
{
	archiveVersion = 1;
	classes = {
	};
	objectVersion = 46;
	objects = {

/* Begin PBXBuildFile section */
		A4034A801C4FF41700615D95 /* Operative.swift in Sources */ = {isa = PBXBuildFile; fileRef = A4034A7F1C4FF41700615D95 /* Operative.swift */; };
		A4034A841C51040300615D95 /* Session.swift in Sources */ = {isa = PBXBuildFile; fileRef = A4034A831C51040300615D95 /* Session.swift */; };
		A4034A861C5132EE00615D95 /* COMPASSDB.sqlite in Resources */ = {isa = PBXBuildFile; fileRef = A4034A851C5132EE00615D95 /* COMPASSDB.sqlite */; };
		A407DA801C44105700251228 /* LoginViewController.swift in Sources */ = {isa = PBXBuildFile; fileRef = A407DA7F1C44105700251228 /* LoginViewController.swift */; };
		A40BB54B1C4FDFC0005C2AE6 /* Reachability.swift in Sources */ = {isa = PBXBuildFile; fileRef = A40BB54A1C4FDFC0005C2AE6 /* Reachability.swift */; };
		A40BB5581C4FE958005C2AE6 /* FMDatabase.m in Sources */ = {isa = PBXBuildFile; fileRef = A40BB54E1C4FE958005C2AE6 /* FMDatabase.m */; };
		A40BB5591C4FE958005C2AE6 /* FMDatabaseAdditions.m in Sources */ = {isa = PBXBuildFile; fileRef = A40BB5501C4FE958005C2AE6 /* FMDatabaseAdditions.m */; };
		A40BB55A1C4FE958005C2AE6 /* FMDatabasePool.m in Sources */ = {isa = PBXBuildFile; fileRef = A40BB5521C4FE958005C2AE6 /* FMDatabasePool.m */; };
		A40BB55B1C4FE958005C2AE6 /* FMDatabaseQueue.m in Sources */ = {isa = PBXBuildFile; fileRef = A40BB5541C4FE958005C2AE6 /* FMDatabaseQueue.m */; };
		A40BB55C1C4FE958005C2AE6 /* FMResultSet.m in Sources */ = {isa = PBXBuildFile; fileRef = A40BB5571C4FE958005C2AE6 /* FMResultSet.m */; };
		A40BB55E1C4FE9D7005C2AE6 /* libsqlite3.0.tbd in Frameworks */ = {isa = PBXBuildFile; fileRef = A40BB55D1C4FE9D7005C2AE6 /* libsqlite3.0.tbd */; };
		A40BB5611C4FED9E005C2AE6 /* Utility.swift in Sources */ = {isa = PBXBuildFile; fileRef = A40BB5601C4FED9E005C2AE6 /* Utility.swift */; };
		A40BB5651C4FF0A7005C2AE6 /* ModelManager.swift in Sources */ = {isa = PBXBuildFile; fileRef = A40BB5641C4FF0A7005C2AE6 /* ModelManager.swift */; };
		A40E51531CE0CD77003F67BD /* SettingsViewController.swift in Sources */ = {isa = PBXBuildFile; fileRef = A40E51521CE0CD77003F67BD /* SettingsViewController.swift */; };
		A420ACE11C7F64A5003D4CA3 /* DownloadViewController.swift in Sources */ = {isa = PBXBuildFile; fileRef = A420ACE01C7F64A5003D4CA3 /* DownloadViewController.swift */; };
		A420ACE31C7F64D0003D4CA3 /* SearchViewController.swift in Sources */ = {isa = PBXBuildFile; fileRef = A420ACE21C7F64D0003D4CA3 /* SearchViewController.swift */; };
		A420ACE71C7F6507003D4CA3 /* FilterViewController.swift in Sources */ = {isa = PBXBuildFile; fileRef = A420ACE61C7F6507003D4CA3 /* FilterViewController.swift */; };
		A420ACE91C7F6562003D4CA3 /* UploadViewController.swift in Sources */ = {isa = PBXBuildFile; fileRef = A420ACE81C7F6562003D4CA3 /* UploadViewController.swift */; };
		A420ACEB1C7F656E003D4CA3 /* AddViewController.swift in Sources */ = {isa = PBXBuildFile; fileRef = A420ACEA1C7F656E003D4CA3 /* AddViewController.swift */; };
		A43C140B1C514478001162ED /* WebService.swift in Sources */ = {isa = PBXBuildFile; fileRef = A43C140A1C514478001162ED /* WebService.swift */; };
		A43C140D1C522ABB001162ED /* Constants.swift in Sources */ = {isa = PBXBuildFile; fileRef = A43C140C1C522ABB001162ED /* Constants.swift */; };
		A4529CA61CD2373C00D9C185 /* KFPopupSelector.swift in Sources */ = {isa = PBXBuildFile; fileRef = A4529CA51CD2373C00D9C185 /* KFPopupSelector.swift */; };
		A45CD6DB1C577D3000C17BD7 /* Asset.swift in Sources */ = {isa = PBXBuildFile; fileRef = A45CD6DA1C577D3000C17BD7 /* Asset.swift */; };
		A45CD6DD1C577D4200C17BD7 /* Location.swift in Sources */ = {isa = PBXBuildFile; fileRef = A45CD6DC1C577D4200C17BD7 /* Location.swift */; };
		A45CD6DF1C577D5100C17BD7 /* LocationGroup.swift in Sources */ = {isa = PBXBuildFile; fileRef = A45CD6DE1C577D5100C17BD7 /* LocationGroup.swift */; };
		A45CD6E11C577D6100C17BD7 /* LocationGroupMembership.swift in Sources */ = {isa = PBXBuildFile; fileRef = A45CD6E01C577D6100C17BD7 /* LocationGroupMembership.swift */; };
		A45CD6E31C577D7600C17BD7 /* Organisation.swift in Sources */ = {isa = PBXBuildFile; fileRef = A45CD6E21C577D7600C17BD7 /* Organisation.swift */; };
		A45CD6E51C577D8000C17BD7 /* Site.swift in Sources */ = {isa = PBXBuildFile; fileRef = A45CD6E41C577D8000C17BD7 /* Site.swift */; };
		A45CD6E71C577D8E00C17BD7 /* Property.swift in Sources */ = {isa = PBXBuildFile; fileRef = A45CD6E61C577D8E00C17BD7 /* Property.swift */; };
		A45CD6E91C577D9600C17BD7 /* Task.swift in Sources */ = {isa = PBXBuildFile; fileRef = A45CD6E81C577D9600C17BD7 /* Task.swift */; };
		A45CD6EB1C577D9E00C17BD7 /* TaskParameter.swift in Sources */ = {isa = PBXBuildFile; fileRef = A45CD6EA1C577D9E00C17BD7 /* TaskParameter.swift */; };
		A45CD6ED1C577DA800C17BD7 /* TaskTemplate.swift in Sources */ = {isa = PBXBuildFile; fileRef = A45CD6EC1C577DA800C17BD7 /* TaskTemplate.swift */; };
		A45CD6EF1C577DB600C17BD7 /* TaskTemplateParameter.swift in Sources */ = {isa = PBXBuildFile; fileRef = A45CD6EE1C577DB600C17BD7 /* TaskTemplateParameter.swift */; };
		A49455E91C7CBED600BE6247 /* MainViewController.swift in Sources */ = {isa = PBXBuildFile; fileRef = A49455E81C7CBED600BE6247 /* MainViewController.swift */; };
		A49455EC1C7CBF2300BE6247 /* ModelUtility.swift in Sources */ = {isa = PBXBuildFile; fileRef = A49455EB1C7CBF2300BE6247 /* ModelUtility.swift */; };
		A49455EE1C7CBF7500BE6247 /* TaskCell.swift in Sources */ = {isa = PBXBuildFile; fileRef = A49455ED1C7CBF7500BE6247 /* TaskCell.swift */; };
		A4A522F01C43F4A500D16A9A /* AppDelegate.swift in Sources */ = {isa = PBXBuildFile; fileRef = A4A522EF1C43F4A500D16A9A /* AppDelegate.swift */; };
		A4A522F51C43F4A500D16A9A /* Main.storyboard in Resources */ = {isa = PBXBuildFile; fileRef = A4A522F31C43F4A500D16A9A /* Main.storyboard */; };
		A4A522F81C43F4A500D16A9A /* COMPASSMOBILE.xcdatamodeld in Sources */ = {isa = PBXBuildFile; fileRef = A4A522F61C43F4A500D16A9A /* COMPASSMOBILE.xcdatamodeld */; };
		A4EDA3931C4E98C900667987 /* AEXML.swift in Sources */ = {isa = PBXBuildFile; fileRef = A4EDA3921C4E98C900667987 /* AEXML.swift */; };
		A4EDA3961C4EA55500667987 /* ReferenceData.swift in Sources */ = {isa = PBXBuildFile; fileRef = A4EDA3951C4EA55500667987 /* ReferenceData.swift */; };
		A4F16F9D1CE4716200270AFE /* Assets.xcassets in Resources */ = {isa = PBXBuildFile; fileRef = A4F16F9C1CE4716200270AFE /* Assets.xcassets */; };
/* End PBXBuildFile section */

/* Begin PBXFileReference section */
		A4034A7F1C4FF41700615D95 /* Operative.swift */ = {isa = PBXFileReference; fileEncoding = 4; lastKnownFileType = sourcecode.swift; path = Operative.swift; sourceTree = "<group>"; };
		A4034A831C51040300615D95 /* Session.swift */ = {isa = PBXFileReference; fileEncoding = 4; lastKnownFileType = sourcecode.swift; path = Session.swift; sourceTree = "<group>"; };
		A4034A851C5132EE00615D95 /* COMPASSDB.sqlite */ = {isa = PBXFileReference; lastKnownFileType = file; path = COMPASSDB.sqlite; sourceTree = "<group>"; };
		A407DA7F1C44105700251228 /* LoginViewController.swift */ = {isa = PBXFileReference; fileEncoding = 4; lastKnownFileType = sourcecode.swift; name = LoginViewController.swift; path = ../LoginViewController.swift; sourceTree = "<group>"; };
		A40BB54A1C4FDFC0005C2AE6 /* Reachability.swift */ = {isa = PBXFileReference; fileEncoding = 4; lastKnownFileType = sourcecode.swift; path = Reachability.swift; sourceTree = "<group>"; };
		A40BB54C1C4FE958005C2AE6 /* COMPASSMOBILE-Bridging-Header.h */ = {isa = PBXFileReference; lastKnownFileType = sourcecode.c.h; path = "COMPASSMOBILE-Bridging-Header.h"; sourceTree = "<group>"; };
		A40BB54D1C4FE958005C2AE6 /* FMDatabase.h */ = {isa = PBXFileReference; fileEncoding = 4; lastKnownFileType = sourcecode.c.h; path = FMDatabase.h; sourceTree = "<group>"; };
		A40BB54E1C4FE958005C2AE6 /* FMDatabase.m */ = {isa = PBXFileReference; fileEncoding = 4; lastKnownFileType = sourcecode.c.objc; path = FMDatabase.m; sourceTree = "<group>"; };
		A40BB54F1C4FE958005C2AE6 /* FMDatabaseAdditions.h */ = {isa = PBXFileReference; fileEncoding = 4; lastKnownFileType = sourcecode.c.h; path = FMDatabaseAdditions.h; sourceTree = "<group>"; };
		A40BB5501C4FE958005C2AE6 /* FMDatabaseAdditions.m */ = {isa = PBXFileReference; fileEncoding = 4; lastKnownFileType = sourcecode.c.objc; path = FMDatabaseAdditions.m; sourceTree = "<group>"; };
		A40BB5511C4FE958005C2AE6 /* FMDatabasePool.h */ = {isa = PBXFileReference; fileEncoding = 4; lastKnownFileType = sourcecode.c.h; path = FMDatabasePool.h; sourceTree = "<group>"; };
		A40BB5521C4FE958005C2AE6 /* FMDatabasePool.m */ = {isa = PBXFileReference; fileEncoding = 4; lastKnownFileType = sourcecode.c.objc; path = FMDatabasePool.m; sourceTree = "<group>"; };
		A40BB5531C4FE958005C2AE6 /* FMDatabaseQueue.h */ = {isa = PBXFileReference; fileEncoding = 4; lastKnownFileType = sourcecode.c.h; path = FMDatabaseQueue.h; sourceTree = "<group>"; };
		A40BB5541C4FE958005C2AE6 /* FMDatabaseQueue.m */ = {isa = PBXFileReference; fileEncoding = 4; lastKnownFileType = sourcecode.c.objc; path = FMDatabaseQueue.m; sourceTree = "<group>"; };
		A40BB5551C4FE958005C2AE6 /* FMDB.h */ = {isa = PBXFileReference; fileEncoding = 4; lastKnownFileType = sourcecode.c.h; path = FMDB.h; sourceTree = "<group>"; };
		A40BB5561C4FE958005C2AE6 /* FMResultSet.h */ = {isa = PBXFileReference; fileEncoding = 4; lastKnownFileType = sourcecode.c.h; path = FMResultSet.h; sourceTree = "<group>"; };
		A40BB5571C4FE958005C2AE6 /* FMResultSet.m */ = {isa = PBXFileReference; fileEncoding = 4; lastKnownFileType = sourcecode.c.objc; path = FMResultSet.m; sourceTree = "<group>"; };
		A40BB55D1C4FE9D7005C2AE6 /* libsqlite3.0.tbd */ = {isa = PBXFileReference; lastKnownFileType = "sourcecode.text-based-dylib-definition"; name = libsqlite3.0.tbd; path = usr/lib/libsqlite3.0.tbd; sourceTree = SDKROOT; };
		A40BB5601C4FED9E005C2AE6 /* Utility.swift */ = {isa = PBXFileReference; fileEncoding = 4; lastKnownFileType = sourcecode.swift; path = Utility.swift; sourceTree = "<group>"; };
		A40BB5641C4FF0A7005C2AE6 /* ModelManager.swift */ = {isa = PBXFileReference; fileEncoding = 4; lastKnownFileType = sourcecode.swift; path = ModelManager.swift; sourceTree = "<group>"; };
		A40E51521CE0CD77003F67BD /* SettingsViewController.swift */ = {isa = PBXFileReference; fileEncoding = 4; lastKnownFileType = sourcecode.swift; path = SettingsViewController.swift; sourceTree = "<group>"; };
		A420ACE01C7F64A5003D4CA3 /* DownloadViewController.swift */ = {isa = PBXFileReference; fileEncoding = 4; lastKnownFileType = sourcecode.swift; path = DownloadViewController.swift; sourceTree = "<group>"; };
		A420ACE21C7F64D0003D4CA3 /* SearchViewController.swift */ = {isa = PBXFileReference; fileEncoding = 4; lastKnownFileType = sourcecode.swift; path = SearchViewController.swift; sourceTree = "<group>"; };
		A420ACE61C7F6507003D4CA3 /* FilterViewController.swift */ = {isa = PBXFileReference; fileEncoding = 4; lastKnownFileType = sourcecode.swift; path = FilterViewController.swift; sourceTree = "<group>"; };
		A420ACE81C7F6562003D4CA3 /* UploadViewController.swift */ = {isa = PBXFileReference; fileEncoding = 4; lastKnownFileType = sourcecode.swift; path = UploadViewController.swift; sourceTree = "<group>"; };
		A420ACEA1C7F656E003D4CA3 /* AddViewController.swift */ = {isa = PBXFileReference; fileEncoding = 4; lastKnownFileType = sourcecode.swift; path = AddViewController.swift; sourceTree = "<group>"; };
		A43C140A1C514478001162ED /* WebService.swift */ = {isa = PBXFileReference; fileEncoding = 4; lastKnownFileType = sourcecode.swift; path = WebService.swift; sourceTree = "<group>"; };
		A43C140C1C522ABB001162ED /* Constants.swift */ = {isa = PBXFileReference; fileEncoding = 4; lastKnownFileType = sourcecode.swift; path = Constants.swift; sourceTree = "<group>"; };
		A4529CA51CD2373C00D9C185 /* KFPopupSelector.swift */ = {isa = PBXFileReference; fileEncoding = 4; lastKnownFileType = sourcecode.swift; name = KFPopupSelector.swift; path = "KFPopupSelector control/KFPopupSelector.swift"; sourceTree = "<group>"; };
		A45CD6DA1C577D3000C17BD7 /* Asset.swift */ = {isa = PBXFileReference; fileEncoding = 4; lastKnownFileType = sourcecode.swift; path = Asset.swift; sourceTree = "<group>"; };
		A45CD6DC1C577D4200C17BD7 /* Location.swift */ = {isa = PBXFileReference; fileEncoding = 4; lastKnownFileType = sourcecode.swift; path = Location.swift; sourceTree = "<group>"; };
		A45CD6DE1C577D5100C17BD7 /* LocationGroup.swift */ = {isa = PBXFileReference; fileEncoding = 4; lastKnownFileType = sourcecode.swift; path = LocationGroup.swift; sourceTree = "<group>"; };
		A45CD6E01C577D6100C17BD7 /* LocationGroupMembership.swift */ = {isa = PBXFileReference; fileEncoding = 4; lastKnownFileType = sourcecode.swift; path = LocationGroupMembership.swift; sourceTree = "<group>"; };
		A45CD6E21C577D7600C17BD7 /* Organisation.swift */ = {isa = PBXFileReference; fileEncoding = 4; lastKnownFileType = sourcecode.swift; path = Organisation.swift; sourceTree = "<group>"; };
		A45CD6E41C577D8000C17BD7 /* Site.swift */ = {isa = PBXFileReference; fileEncoding = 4; lastKnownFileType = sourcecode.swift; path = Site.swift; sourceTree = "<group>"; };
		A45CD6E61C577D8E00C17BD7 /* Property.swift */ = {isa = PBXFileReference; fileEncoding = 4; lastKnownFileType = sourcecode.swift; path = Property.swift; sourceTree = "<group>"; };
		A45CD6E81C577D9600C17BD7 /* Task.swift */ = {isa = PBXFileReference; fileEncoding = 4; lastKnownFileType = sourcecode.swift; path = Task.swift; sourceTree = "<group>"; };
		A45CD6EA1C577D9E00C17BD7 /* TaskParameter.swift */ = {isa = PBXFileReference; fileEncoding = 4; lastKnownFileType = sourcecode.swift; path = TaskParameter.swift; sourceTree = "<group>"; };
		A45CD6EC1C577DA800C17BD7 /* TaskTemplate.swift */ = {isa = PBXFileReference; fileEncoding = 4; lastKnownFileType = sourcecode.swift; path = TaskTemplate.swift; sourceTree = "<group>"; };
		A45CD6EE1C577DB600C17BD7 /* TaskTemplateParameter.swift */ = {isa = PBXFileReference; fileEncoding = 4; lastKnownFileType = sourcecode.swift; path = TaskTemplateParameter.swift; sourceTree = "<group>"; };
		A49455E81C7CBED600BE6247 /* MainViewController.swift */ = {isa = PBXFileReference; fileEncoding = 4; lastKnownFileType = sourcecode.swift; path = MainViewController.swift; sourceTree = "<group>"; };
		A49455EB1C7CBF2300BE6247 /* ModelUtility.swift */ = {isa = PBXFileReference; fileEncoding = 4; lastKnownFileType = sourcecode.swift; path = ModelUtility.swift; sourceTree = "<group>"; };
		A49455ED1C7CBF7500BE6247 /* TaskCell.swift */ = {isa = PBXFileReference; fileEncoding = 4; lastKnownFileType = sourcecode.swift; path = TaskCell.swift; sourceTree = "<group>"; };
		A4A522EC1C43F4A500D16A9A /* COMPASSMOBILE.app */ = {isa = PBXFileReference; explicitFileType = wrapper.application; includeInIndex = 0; path = COMPASSMOBILE.app; sourceTree = BUILT_PRODUCTS_DIR; };
		A4A522EF1C43F4A500D16A9A /* AppDelegate.swift */ = {isa = PBXFileReference; lastKnownFileType = sourcecode.swift; path = AppDelegate.swift; sourceTree = "<group>"; };
		A4A522F41C43F4A500D16A9A /* Base */ = {isa = PBXFileReference; lastKnownFileType = file.storyboard; name = Base; path = Base.lproj/Main.storyboard; sourceTree = "<group>"; };
		A4A522F71C43F4A500D16A9A /* COMPASSMOBILE.xcdatamodel */ = {isa = PBXFileReference; lastKnownFileType = wrapper.xcdatamodel; path = COMPASSMOBILE.xcdatamodel; sourceTree = "<group>"; };
		A4A522FE1C43F4A500D16A9A /* Info.plist */ = {isa = PBXFileReference; lastKnownFileType = text.plist.xml; path = Info.plist; sourceTree = "<group>"; };
		A4EDA3921C4E98C900667987 /* AEXML.swift */ = {isa = PBXFileReference; fileEncoding = 4; lastKnownFileType = sourcecode.swift; name = AEXML.swift; path = ../AEXML.swift; sourceTree = "<group>"; };
		A4EDA3951C4EA55500667987 /* ReferenceData.swift */ = {isa = PBXFileReference; fileEncoding = 4; lastKnownFileType = sourcecode.swift; path = ReferenceData.swift; sourceTree = "<group>"; };
		A4F16F9C1CE4716200270AFE /* Assets.xcassets */ = {isa = PBXFileReference; lastKnownFileType = folder.assetcatalog; path = Assets.xcassets; sourceTree = "<group>"; };
/* End PBXFileReference section */

/* Begin PBXFrameworksBuildPhase section */
		A4A522E91C43F4A500D16A9A /* Frameworks */ = {
			isa = PBXFrameworksBuildPhase;
			buildActionMask = 2147483647;
			files = (
				A40BB55E1C4FE9D7005C2AE6 /* libsqlite3.0.tbd in Frameworks */,
			);
			runOnlyForDeploymentPostprocessing = 0;
		};
/* End PBXFrameworksBuildPhase section */

/* Begin PBXGroup section */
		A40BB55F1C4FED18005C2AE6 /* FMDB */ = {
			isa = PBXGroup;
			children = (
				A40BB54D1C4FE958005C2AE6 /* FMDatabase.h */,
				A40BB54E1C4FE958005C2AE6 /* FMDatabase.m */,
				A40BB54F1C4FE958005C2AE6 /* FMDatabaseAdditions.h */,
				A40BB5501C4FE958005C2AE6 /* FMDatabaseAdditions.m */,
				A40BB5511C4FE958005C2AE6 /* FMDatabasePool.h */,
				A40BB5521C4FE958005C2AE6 /* FMDatabasePool.m */,
				A40BB5531C4FE958005C2AE6 /* FMDatabaseQueue.h */,
				A40BB5541C4FE958005C2AE6 /* FMDatabaseQueue.m */,
				A40BB5551C4FE958005C2AE6 /* FMDB.h */,
				A40BB5561C4FE958005C2AE6 /* FMResultSet.h */,
				A40BB5571C4FE958005C2AE6 /* FMResultSet.m */,
			);
			name = FMDB;
			sourceTree = "<group>";
		};
		A43C14091C514049001162ED /* Supporting Files */ = {
			isa = PBXGroup;
			children = (
				A4529CA51CD2373C00D9C185 /* KFPopupSelector.swift */,
				A40BB54A1C4FDFC0005C2AE6 /* Reachability.swift */,
				A4034A831C51040300615D95 /* Session.swift */,
				A43C140A1C514478001162ED /* WebService.swift */,
				A40BB5601C4FED9E005C2AE6 /* Utility.swift */,
				A43C140C1C522ABB001162ED /* Constants.swift */,
				A4EDA3921C4E98C900667987 /* AEXML.swift */,
				A4A522FE1C43F4A500D16A9A /* Info.plist */,
			);
			name = "Supporting Files";
			sourceTree = "<group>";
		};
		A45CD6F01C579B3B00C17BD7 /* Entity */ = {
			isa = PBXGroup;
			children = (
				A45CD6DA1C577D3000C17BD7 /* Asset.swift */,
				A45CD6DC1C577D4200C17BD7 /* Location.swift */,
				A45CD6DE1C577D5100C17BD7 /* LocationGroup.swift */,
				A45CD6E01C577D6100C17BD7 /* LocationGroupMembership.swift */,
				A4034A7F1C4FF41700615D95 /* Operative.swift */,
				A45CD6E21C577D7600C17BD7 /* Organisation.swift */,
				A45CD6E61C577D8E00C17BD7 /* Property.swift */,
				A4EDA3951C4EA55500667987 /* ReferenceData.swift */,
				A45CD6E41C577D8000C17BD7 /* Site.swift */,
				A45CD6E81C577D9600C17BD7 /* Task.swift */,
				A45CD6EA1C577D9E00C17BD7 /* TaskParameter.swift */,
				A45CD6EC1C577DA800C17BD7 /* TaskTemplate.swift */,
				A45CD6EE1C577DB600C17BD7 /* TaskTemplateParameter.swift */,
			);
			name = Entity;
			sourceTree = "<group>";
		};
		A49455E71C7CBEB600BE6247 /* ViewControllers */ = {
			isa = PBXGroup;
			children = (
				A407DA7F1C44105700251228 /* LoginViewController.swift */,
				A49455E81C7CBED600BE6247 /* MainViewController.swift */,
				A420ACEA1C7F656E003D4CA3 /* AddViewController.swift */,
				A420ACE61C7F6507003D4CA3 /* FilterViewController.swift */,
				A420ACE21C7F64D0003D4CA3 /* SearchViewController.swift */,
				A40E51521CE0CD77003F67BD /* SettingsViewController.swift */,
				A420ACE01C7F64A5003D4CA3 /* DownloadViewController.swift */,
				A420ACE81C7F6562003D4CA3 /* UploadViewController.swift */,
			);
			name = ViewControllers;
			sourceTree = "<group>";
		};
		A49455EA1C7CBEDE00BE6247 /* Storyboards */ = {
			isa = PBXGroup;
			children = (
				A4A522F31C43F4A500D16A9A /* Main.storyboard */,
			);
			name = Storyboards;
			sourceTree = "<group>";
		};
		A4A522E31C43F4A500D16A9A = {
			isa = PBXGroup;
			children = (
				A40BB55D1C4FE9D7005C2AE6 /* libsqlite3.0.tbd */,
				A4A522F61C43F4A500D16A9A /* COMPASSMOBILE.xcdatamodeld */,
				A4A522EE1C43F4A500D16A9A /* COMPASSMOBILE */,
				A4A522ED1C43F4A500D16A9A /* Products */,
			);
			sourceTree = "<group>";
		};
		A4A522ED1C43F4A500D16A9A /* Products */ = {
			isa = PBXGroup;
			children = (
				A4A522EC1C43F4A500D16A9A /* COMPASSMOBILE.app */,
			);
			name = Products;
			sourceTree = "<group>";
		};
		A4A522EE1C43F4A500D16A9A /* COMPASSMOBILE */ = {
			isa = PBXGroup;
			children = (
				A40BB55F1C4FED18005C2AE6 /* FMDB */,
				A49455EA1C7CBEDE00BE6247 /* Storyboards */,
				A49455E71C7CBEB600BE6247 /* ViewControllers */,
				A4034A851C5132EE00615D95 /* COMPASSDB.sqlite */,
				A4A522EF1C43F4A500D16A9A /* AppDelegate.swift */,
				A49455ED1C7CBF7500BE6247 /* TaskCell.swift */,
				A40BB54C1C4FE958005C2AE6 /* COMPASSMOBILE-Bridging-Header.h */,
				A4F16F9C1CE4716200270AFE /* Assets.xcassets */,
				A4EDA3941C4EA53100667987 /* models */,
				A43C14091C514049001162ED /* Supporting Files */,
			);
			path = COMPASSMOBILE;
			sourceTree = "<group>";
		};
		A4EDA3941C4EA53100667987 /* models */ = {
			isa = PBXGroup;
			children = (
				A45CD6F01C579B3B00C17BD7 /* Entity */,
				A49455EB1C7CBF2300BE6247 /* ModelUtility.swift */,
				A40BB5641C4FF0A7005C2AE6 /* ModelManager.swift */,
			);
			name = models;
			sourceTree = "<group>";
		};
/* End PBXGroup section */

/* Begin PBXNativeTarget section */
		A4A522EB1C43F4A500D16A9A /* COMPASSMOBILE */ = {
			isa = PBXNativeTarget;
			buildConfigurationList = A4A5230C1C43F4A500D16A9A /* Build configuration list for PBXNativeTarget "COMPASSMOBILE" */;
			buildPhases = (
				A4A522E81C43F4A500D16A9A /* Sources */,
				A4A522E91C43F4A500D16A9A /* Frameworks */,
				A4A522EA1C43F4A500D16A9A /* Resources */,
			);
			buildRules = (
			);
			dependencies = (
			);
			name = COMPASSMOBILE;
			productName = COMPASSMOBILE;
			productReference = A4A522EC1C43F4A500D16A9A /* COMPASSMOBILE.app */;
			productType = "com.apple.product-type.application";
		};
/* End PBXNativeTarget section */

/* Begin PBXProject section */
		A4A522E41C43F4A500D16A9A /* Project object */ = {
			isa = PBXProject;
			attributes = {
				LastSwiftUpdateCheck = 0720;
				LastUpgradeCheck = 0720;
				ORGANIZATIONNAME = "HYDOP E.C.S.";
				TargetAttributes = {
					A4A522EB1C43F4A500D16A9A = {
						CreatedOnToolsVersion = 7.2;
					};
				};
			};
			buildConfigurationList = A4A522E71C43F4A500D16A9A /* Build configuration list for PBXProject "COMPASSMOBILE" */;
			compatibilityVersion = "Xcode 3.2";
			developmentRegion = English;
			hasScannedForEncodings = 0;
			knownRegions = (
				en,
				Base,
			);
			mainGroup = A4A522E31C43F4A500D16A9A;
			productRefGroup = A4A522ED1C43F4A500D16A9A /* Products */;
			projectDirPath = "";
			projectRoot = "";
			targets = (
				A4A522EB1C43F4A500D16A9A /* COMPASSMOBILE */,
			);
		};
/* End PBXProject section */

/* Begin PBXResourcesBuildPhase section */
		A4A522EA1C43F4A500D16A9A /* Resources */ = {
			isa = PBXResourcesBuildPhase;
			buildActionMask = 2147483647;
			files = (
				A4034A861C5132EE00615D95 /* COMPASSDB.sqlite in Resources */,
				A4F16F9D1CE4716200270AFE /* Assets.xcassets in Resources */,
				A4A522F51C43F4A500D16A9A /* Main.storyboard in Resources */,
			);
			runOnlyForDeploymentPostprocessing = 0;
		};
/* End PBXResourcesBuildPhase section */

/* Begin PBXSourcesBuildPhase section */
		A4A522E81C43F4A500D16A9A /* Sources */ = {
			isa = PBXSourcesBuildPhase;
			buildActionMask = 2147483647;
			files = (
				A40BB54B1C4FDFC0005C2AE6 /* Reachability.swift in Sources */,
				A420ACE91C7F6562003D4CA3 /* UploadViewController.swift in Sources */,
				A420ACEB1C7F656E003D4CA3 /* AddViewController.swift in Sources */,
				A45CD6DF1C577D5100C17BD7 /* LocationGroup.swift in Sources */,
				A4EDA3931C4E98C900667987 /* AEXML.swift in Sources */,
				A40E51531CE0CD77003F67BD /* SettingsViewController.swift in Sources */,
				A45CD6DD1C577D4200C17BD7 /* Location.swift in Sources */,
				A49455EC1C7CBF2300BE6247 /* ModelUtility.swift in Sources */,
				A45CD6ED1C577DA800C17BD7 /* TaskTemplate.swift in Sources */,
				A4EDA3961C4EA55500667987 /* ReferenceData.swift in Sources */,
				A45CD6E71C577D8E00C17BD7 /* Property.swift in Sources */,
				A45CD6EF1C577DB600C17BD7 /* TaskTemplateParameter.swift in Sources */,
				A45CD6EB1C577D9E00C17BD7 /* TaskParameter.swift in Sources */,
				A49455E91C7CBED600BE6247 /* MainViewController.swift in Sources */,
				A40BB5651C4FF0A7005C2AE6 /* ModelManager.swift in Sources */,
				A420ACE31C7F64D0003D4CA3 /* SearchViewController.swift in Sources */,
				A49455EE1C7CBF7500BE6247 /* TaskCell.swift in Sources */,
				A43C140B1C514478001162ED /* WebService.swift in Sources */,
				A420ACE11C7F64A5003D4CA3 /* DownloadViewController.swift in Sources */,
				A45CD6E91C577D9600C17BD7 /* Task.swift in Sources */,
				A407DA801C44105700251228 /* LoginViewController.swift in Sources */,
				A4034A801C4FF41700615D95 /* Operative.swift in Sources */,
				A45CD6E51C577D8000C17BD7 /* Site.swift in Sources */,
				A420ACE71C7F6507003D4CA3 /* FilterViewController.swift in Sources */,
				A45CD6E11C577D6100C17BD7 /* LocationGroupMembership.swift in Sources */,
				A45CD6E31C577D7600C17BD7 /* Organisation.swift in Sources */,
				A40BB5591C4FE958005C2AE6 /* FMDatabaseAdditions.m in Sources */,
				A45CD6DB1C577D3000C17BD7 /* Asset.swift in Sources */,
				A40BB55C1C4FE958005C2AE6 /* FMResultSet.m in Sources */,
				A40BB5611C4FED9E005C2AE6 /* Utility.swift in Sources */,
				A4A522F81C43F4A500D16A9A /* COMPASSMOBILE.xcdatamodeld in Sources */,
				A40BB55A1C4FE958005C2AE6 /* FMDatabasePool.m in Sources */,
				A4034A841C51040300615D95 /* Session.swift in Sources */,
				A40BB55B1C4FE958005C2AE6 /* FMDatabaseQueue.m in Sources */,
				A4A522F01C43F4A500D16A9A /* AppDelegate.swift in Sources */,
				A40BB5581C4FE958005C2AE6 /* FMDatabase.m in Sources */,
				A43C140D1C522ABB001162ED /* Constants.swift in Sources */,
				A4529CA61CD2373C00D9C185 /* KFPopupSelector.swift in Sources */,
			);
			runOnlyForDeploymentPostprocessing = 0;
		};
/* End PBXSourcesBuildPhase section */

/* Begin PBXVariantGroup section */
		A4A522F31C43F4A500D16A9A /* Main.storyboard */ = {
			isa = PBXVariantGroup;
			children = (
				A4A522F41C43F4A500D16A9A /* Base */,
			);
			name = Main.storyboard;
			sourceTree = "<group>";
		};
/* End PBXVariantGroup section */

/* Begin XCBuildConfiguration section */
		A4A5230A1C43F4A500D16A9A /* Debug */ = {
			isa = XCBuildConfiguration;
			buildSettings = {
				ALWAYS_SEARCH_USER_PATHS = NO;
				CLANG_CXX_LANGUAGE_STANDARD = "gnu++0x";
				CLANG_CXX_LIBRARY = "libc++";
				CLANG_ENABLE_MODULES = YES;
				CLANG_ENABLE_OBJC_ARC = YES;
				CLANG_WARN_BOOL_CONVERSION = YES;
				CLANG_WARN_CONSTANT_CONVERSION = YES;
				CLANG_WARN_DIRECT_OBJC_ISA_USAGE = YES_ERROR;
				CLANG_WARN_EMPTY_BODY = YES;
				CLANG_WARN_ENUM_CONVERSION = YES;
				CLANG_WARN_INT_CONVERSION = YES;
				CLANG_WARN_OBJC_ROOT_CLASS = YES_ERROR;
				CLANG_WARN_UNREACHABLE_CODE = YES;
				CLANG_WARN__DUPLICATE_METHOD_MATCH = YES;
				"CODE_SIGN_IDENTITY[sdk=iphoneos*]" = "iPhone Developer";
				COPY_PHASE_STRIP = NO;
				DEBUG_INFORMATION_FORMAT = dwarf;
				ENABLE_STRICT_OBJC_MSGSEND = YES;
				ENABLE_TESTABILITY = YES;
				GCC_C_LANGUAGE_STANDARD = gnu99;
				GCC_DYNAMIC_NO_PIC = NO;
				GCC_NO_COMMON_BLOCKS = YES;
				GCC_OPTIMIZATION_LEVEL = 0;
				GCC_PREPROCESSOR_DEFINITIONS = (
					"DEBUG=1",
					"$(inherited)",
				);
				GCC_WARN_64_TO_32_BIT_CONVERSION = YES;
				GCC_WARN_ABOUT_RETURN_TYPE = YES_ERROR;
				GCC_WARN_UNDECLARED_SELECTOR = YES;
				GCC_WARN_UNINITIALIZED_AUTOS = YES_AGGRESSIVE;
				GCC_WARN_UNUSED_FUNCTION = YES;
				GCC_WARN_UNUSED_VARIABLE = YES;
				IPHONEOS_DEPLOYMENT_TARGET = 9.2;
				MTL_ENABLE_DEBUG_INFO = YES;
				ONLY_ACTIVE_ARCH = YES;
				SDKROOT = iphoneos;
				SWIFT_OPTIMIZATION_LEVEL = "-Onone";
				TARGETED_DEVICE_FAMILY = "1,2";
			};
			name = Debug;
		};
		A4A5230B1C43F4A500D16A9A /* Release */ = {
			isa = XCBuildConfiguration;
			buildSettings = {
				ALWAYS_SEARCH_USER_PATHS = NO;
				CLANG_CXX_LANGUAGE_STANDARD = "gnu++0x";
				CLANG_CXX_LIBRARY = "libc++";
				CLANG_ENABLE_MODULES = YES;
				CLANG_ENABLE_OBJC_ARC = YES;
				CLANG_WARN_BOOL_CONVERSION = YES;
				CLANG_WARN_CONSTANT_CONVERSION = YES;
				CLANG_WARN_DIRECT_OBJC_ISA_USAGE = YES_ERROR;
				CLANG_WARN_EMPTY_BODY = YES;
				CLANG_WARN_ENUM_CONVERSION = YES;
				CLANG_WARN_INT_CONVERSION = YES;
				CLANG_WARN_OBJC_ROOT_CLASS = YES_ERROR;
				CLANG_WARN_UNREACHABLE_CODE = YES;
				CLANG_WARN__DUPLICATE_METHOD_MATCH = YES;
				"CODE_SIGN_IDENTITY[sdk=iphoneos*]" = "iPhone Developer";
				COPY_PHASE_STRIP = NO;
				DEBUG_INFORMATION_FORMAT = "dwarf-with-dsym";
				ENABLE_NS_ASSERTIONS = NO;
				ENABLE_STRICT_OBJC_MSGSEND = YES;
				GCC_C_LANGUAGE_STANDARD = gnu99;
				GCC_NO_COMMON_BLOCKS = YES;
				GCC_WARN_64_TO_32_BIT_CONVERSION = YES;
				GCC_WARN_ABOUT_RETURN_TYPE = YES_ERROR;
				GCC_WARN_UNDECLARED_SELECTOR = YES;
				GCC_WARN_UNINITIALIZED_AUTOS = YES_AGGRESSIVE;
				GCC_WARN_UNUSED_FUNCTION = YES;
				GCC_WARN_UNUSED_VARIABLE = YES;
				IPHONEOS_DEPLOYMENT_TARGET = 9.2;
				MTL_ENABLE_DEBUG_INFO = NO;
				SDKROOT = iphoneos;
				TARGETED_DEVICE_FAMILY = "1,2";
				VALIDATE_PRODUCT = YES;
			};
			name = Release;
		};
		A4A5230D1C43F4A500D16A9A /* Debug */ = {
			isa = XCBuildConfiguration;
			buildSettings = {
				ASSETCATALOG_COMPILER_APPICON_NAME = AppIcon;
				CLANG_ENABLE_MODULES = YES;
				INFOPLIST_FILE = COMPASSMOBILE/Info.plist;
				LD_RUNPATH_SEARCH_PATHS = "$(inherited) @executable_path/Frameworks";
				PRODUCT_BUNDLE_IDENTIFIER = COM.HYDROP.COMPASSMOBILE;
				PRODUCT_NAME = "$(TARGET_NAME)";
				SWIFT_OBJC_BRIDGING_HEADER = "COMPASSMOBILE/COMPASSMOBILE-Bridging-Header.h";
				SWIFT_OPTIMIZATION_LEVEL = "-Onone";
			};
			name = Debug;
		};
		A4A5230E1C43F4A500D16A9A /* Release */ = {
			isa = XCBuildConfiguration;
			buildSettings = {
				ASSETCATALOG_COMPILER_APPICON_NAME = AppIcon;
				CLANG_ENABLE_MODULES = YES;
				INFOPLIST_FILE = COMPASSMOBILE/Info.plist;
				LD_RUNPATH_SEARCH_PATHS = "$(inherited) @executable_path/Frameworks";
				PRODUCT_BUNDLE_IDENTIFIER = COM.HYDROP.COMPASSMOBILE;
				PRODUCT_NAME = "$(TARGET_NAME)";
				SWIFT_OBJC_BRIDGING_HEADER = "COMPASSMOBILE/COMPASSMOBILE-Bridging-Header.h";
			};
			name = Release;
		};
/* End XCBuildConfiguration section */

/* Begin XCConfigurationList section */
		A4A522E71C43F4A500D16A9A /* Build configuration list for PBXProject "COMPASSMOBILE" */ = {
			isa = XCConfigurationList;
			buildConfigurations = (
				A4A5230A1C43F4A500D16A9A /* Debug */,
				A4A5230B1C43F4A500D16A9A /* Release */,
			);
			defaultConfigurationIsVisible = 0;
			defaultConfigurationName = Release;
		};
		A4A5230C1C43F4A500D16A9A /* Build configuration list for PBXNativeTarget "COMPASSMOBILE" */ = {
			isa = XCConfigurationList;
			buildConfigurations = (
				A4A5230D1C43F4A500D16A9A /* Debug */,
				A4A5230E1C43F4A500D16A9A /* Release */,
			);
			defaultConfigurationIsVisible = 0;
			defaultConfigurationName = Release;
		};
/* End XCConfigurationList section */

/* Begin XCVersionGroup section */
		A4A522F61C43F4A500D16A9A /* COMPASSMOBILE.xcdatamodeld */ = {
			isa = XCVersionGroup;
			children = (
				A4A522F71C43F4A500D16A9A /* COMPASSMOBILE.xcdatamodel */,
			);
			currentVersion = A4A522F71C43F4A500D16A9A /* COMPASSMOBILE.xcdatamodel */;
			name = COMPASSMOBILE.xcdatamodeld;
			path = COMPASSMOBILE/COMPASSMOBILE.xcdatamodeld;
			sourceTree = "<group>";
			versionGroupType = wrapper.xcdatamodel;
		};
/* End XCVersionGroup section */
	};
	rootObject = A4A522E41C43F4A500D16A9A /* Project object */;
}
